// !$*UTF8*$!
{
	archiveVersion = 1;
	classes = {
	};
	objectVersion = 77;
	objects = {

/* Begin PBXBuildFile section */
		CE1FDC802F9D181000460178 /* AppDelegate.swift in Sources */ = {isa = PBXBuildFile; fileRef = CE1FDC762F9D181000460178 /* AppDelegate.swift */; };
		CE1FDC812F9D181000460178 /* SceneDelegate.swift in Sources */ = {isa = PBXBuildFile; fileRef = CE1FDC7D2F9D181000460178 /* SceneDelegate.swift */; };
		CE1FDC822F9D181000460178 /* Main.swift in Sources */ = {isa = PBXBuildFile; fileRef = CE1FDC7E2F9D181000460178 /* Main.swift */; };
		CE1FDC832F9D181000460178 /* Assets.xcassets in Resources */ = {isa = PBXBuildFile; fileRef = CE1FDC772F9D181000460178 /* Assets.xcassets */; };
		CE1FDC852F9D181000460178 /* LaunchScreen.storyboard in Resources */ = {isa = PBXBuildFile; fileRef = CE1FDC7A2F9D181000460178 /* LaunchScreen.storyboard */; };
		CE1FDC862F9D181000460178 /* Main.storyboard in Resources */ = {isa = PBXBuildFile; fileRef = CE1FDC7C2F9D181000460178 /* Main.storyboard */; };
		CE4231912F9E834700701039 /* MainGlass.swift in Sources */ = {isa = PBXBuildFile; fileRef = CE4231902F9E834400701039 /* MainGlass.swift */; };
		CE4231932FA78CF800701039 /* HomeTop.swift in Sources */ = {isa = PBXBuildFile; fileRef = CE4231922FA78CF200701039 /* HomeTop.swift */; };
		CE4231952FA78D5400701039 /* HomeBottom.swift in Sources */ = {isa = PBXBuildFile; fileRef = CE4231942FA78D5100701039 /* HomeBottom.swift */; };
		CE4231992FA9773400701039 /* AssetLibrary.swift in Sources */ = {isa = PBXBuildFile; fileRef = CE4231982FA9773400701039 /* AssetLibrary.swift */; };
		CE42319B2FA9784300701039 /* HomePhotos.swift in Sources */ = {isa = PBXBuildFile; fileRef = CE42319A2FA9783E00701039 /* HomePhotos.swift */; };
		CEBD6BE92F9D1B1400E176D7 /* Home.swift in Sources */ = {isa = PBXBuildFile; fileRef = CEBD6BE82F9D1B1200E176D7 /* Home.swift */; };
		CEBD6C012F9D1CC400E176D7 /* Updater.swift in Sources */ = {isa = PBXBuildFile; fileRef = CEBD6BFE2F9D1CC400E176D7 /* Updater.swift */; };
		CEBD6C022F9D1CC400E176D7 /* Config.swift in Sources */ = {isa = PBXBuildFile; fileRef = CEBD6BEB2F9D1CC400E176D7 /* Config.swift */; };
		CEBD6C082F9D1CC400E176D7 /* Geometry.swift in Sources */ = {isa = PBXBuildFile; fileRef = CEBD6BFD2F9D1CC400E176D7 /* Geometry.swift */; };
		CEBD6C0B2F9D1CC400E176D7 /* Icons.xcassets in Resources */ = {isa = PBXBuildFile; fileRef = CEBD6BF92F9D1CC400E176D7 /* Icons.xcassets */; };
		CEBD6C0D2F9D1CC400E176D7 /* Materials.xcassets in Resources */ = {isa = PBXBuildFile; fileRef = CEBD6BFA2F9D1CC400E176D7 /* Materials.xcassets */; };
		CEBD6C5A2F9D1D1B00E176D7 /* UIView+Constrant+Frame.swift in Sources */ = {isa = PBXBuildFile; fileRef = CEBD6C362F9D1D1B00E176D7 /* UIView+Constrant+Frame.swift */; };
		CEBD6C5B2F9D1D1B00E176D7 /* UIImageStroke.swift in Sources */ = {isa = PBXBuildFile; fileRef = CEBD6C192F9D1D1B00E176D7 /* UIImageStroke.swift */; };
		CEBD6C5C2F9D1D1B00E176D7 /* UISTextInputTraitsExtension.swift in Sources */ = {isa = PBXBuildFile; fileRef = CEBD6C2C2F9D1D1B00E176D7 /* UISTextInputTraitsExtension.swift */; };
		CEBD6C5D2F9D1D1B00E176D7 /* ArrayHelpers.swift in Sources */ = {isa = PBXBuildFile; fileRef = CEBD6C4B2F9D1D1B00E176D7 /* ArrayHelpers.swift */; };
		CEBD6C5E2F9D1D1B00E176D7 /* UIViewShadow.swift in Sources */ = {isa = PBXBuildFile; fileRef = CEBD6C412F9D1D1B00E176D7 /* UIViewShadow.swift */; };
		CEBD6C5F2F9D1D1B00E176D7 /* CASLayer.swift in Sources */ = {isa = PBXBuildFile; fileRef = CEBD6C212F9D1D1B00E176D7 /* CASLayer.swift */; };
		CEBD6C602F9D1D1B00E176D7 /* IdiomHelpers.swift in Sources */ = {isa = PBXBuildFile; fileRef = CEBD6C442F9D1D1B00E176D7 /* IdiomHelpers.swift */; };
		CEBD6C612F9D1D1B00E176D7 /* UISConstraints.swift in Sources */ = {isa = PBXBuildFile; fileRef = CEBD6C242F9D1D1B00E176D7 /* UISConstraints.swift */; };
		CEBD6C622F9D1D1B00E176D7 /* UIViewControllerHelpers.swift in Sources */ = {isa = PBXBuildFile; fileRef = CEBD6C332F9D1D1B00E176D7 /* UIViewControllerHelpers.swift */; };
		CEBD6C632F9D1D1B00E176D7 /* UIViewClicking.swift in Sources */ = {isa = PBXBuildFile; fileRef = CEBD6C392F9D1D1B00E176D7 /* UIViewClicking.swift */; };
		CEBD6C642F9D1D1B00E176D7 /* UISControl.swift in Sources */ = {isa = PBXBuildFile; fileRef = CEBD6C252F9D1D1B00E176D7 /* UISControl.swift */; };
		CEBD6C652F9D1D1B00E176D7 /* UIStackViewShadow.swift in Sources */ = {isa = PBXBuildFile; fileRef = CEBD6C1F2F9D1D1B00E176D7 /* UIStackViewShadow.swift */; };
		CEBD6C662F9D1D1B00E176D7 /* WKSWebView.swift in Sources */ = {isa = PBXBuildFile; fileRef = CEBD6C302F9D1D1B00E176D7 /* WKSWebView.swift */; };
		CEBD6C672F9D1D1B00E176D7 /* UINavigationOrientationSubController.swift in Sources */ = {isa = PBXBuildFile; fileRef = CEBD6C322F9D1D1B00E176D7 /* UINavigationOrientationSubController.swift */; };
		CEBD6C682F9D1D1B00E176D7 /* UIStackViewPointSubview.swift in Sources */ = {isa = PBXBuildFile; fileRef = CEBD6C1D2F9D1D1B00E176D7 /* UIStackViewPointSubview.swift */; };
		CEBD6C692F9D1D1B00E176D7 /* UISScrollView.swift in Sources */ = {isa = PBXBuildFile; fileRef = CEBD6C282F9D1D1B00E176D7 /* UISScrollView.swift */; };
		CEBD6C6A2F9D1D1B00E176D7 /* UILabelHighlightColor.swift in Sources */ = {isa = PBXBuildFile; fileRef = CEBD6C472F9D1D1B00E176D7 /* UILabelHighlightColor.swift */; };
		CEBD6C6B2F9D1D1B00E176D7 /* UIImageGif.swift in Sources */ = {isa = PBXBuildFile; fileRef = CEBD6C172F9D1D1B00E176D7 /* UIImageGif.swift */; };
		CEBD6C6C2F9D1D1B00E176D7 /* UIImageHelpers.swift in Sources */ = {isa = PBXBuildFile; fileRef = CEBD6C182F9D1D1B00E176D7 /* UIImageHelpers.swift */; };
		CEBD6C6D2F9D1D1B00E176D7 /* UIViewZPosition.swift in Sources */ = {isa = PBXBuildFile; fileRef = CEBD6C422F9D1D1B00E176D7 /* UIViewZPosition.swift */; };
		CEBD6C6E2F9D1D1B00E176D7 /* DateHelpers.swift in Sources */ = {isa = PBXBuildFile; fileRef = CEBD6C532F9D1D1B00E176D7 /* DateHelpers.swift */; };
		CEBD6C6F2F9D1D1B00E176D7 /* UISTextView.swift in Sources */ = {isa = PBXBuildFile; fileRef = CEBD6C2D2F9D1D1B00E176D7 /* UISTextView.swift */; };
		CEBD6C702F9D1D1B00E176D7 /* UISBarItem.swift in Sources */ = {isa = PBXBuildFile; fileRef = CEBD6C222F9D1D1B00E176D7 /* UISBarItem.swift */; };
		CEBD6C712F9D1D1B00E176D7 /* UISStackView.swift in Sources */ = {isa = PBXBuildFile; fileRef = CEBD6C2A2F9D1D1B00E176D7 /* UISStackView.swift */; };
		CEBD6C722F9D1D1B00E176D7 /* UIViewFindViewController.swift in Sources */ = {isa = PBXBuildFile; fileRef = CEBD6C3B2F9D1D1B00E176D7 /* UIViewFindViewController.swift */; };
		CEBD6C732F9D1D1B00E176D7 /* UIImageViewDarkMode.swift in Sources */ = {isa = PBXBuildFile; fileRef = CEBD6C1A2F9D1D1B00E176D7 /* UIImageViewDarkMode.swift */; };
		CEBD6C742F9D1D1B00E176D7 /* AsyncHelpers.swift in Sources */ = {isa = PBXBuildFile; fileRef = CEBD6C4C2F9D1D1B00E176D7 /* AsyncHelpers.swift */; };
		CEBD6C752F9D1D1B00E176D7 /* CGPathHelpers.swift in Sources */ = {isa = PBXBuildFile; fileRef = CEBD6C4E2F9D1D1B00E176D7 /* CGPathHelpers.swift */; };
		CEBD6C762F9D1D1B00E176D7 /* JSONHelpers.swift in Sources */ = {isa = PBXBuildFile; fileRef = CEBD6C552F9D1D1B00E176D7 /* JSONHelpers.swift */; };
		CEBD6C772F9D1D1B00E176D7 /* DataSizeHelpers.swift in Sources */ = {isa = PBXBuildFile; fileRef = CEBD6C522F9D1D1B00E176D7 /* DataSizeHelpers.swift */; };
		CEBD6C782F9D1D1B00E176D7 /* MeshHelpers.swift in Sources */ = {isa = PBXBuildFile; fileRef = CEBD6C562F9D1D1B00E176D7 /* MeshHelpers.swift */; };
		CEBD6C792F9D1D1B00E176D7 /* UISView.swift in Sources */ = {isa = PBXBuildFile; fileRef = CEBD6C2F2F9D1D1B00E176D7 /* UISView.swift */; };
		CEBD6C7A2F9D1D1B00E176D7 /* UIViewLoadNib.swift in Sources */ = {isa = PBXBuildFile; fileRef = CEBD6C3C2F9D1D1B00E176D7 /* UIViewLoadNib.swift */; };
		CEBD6C7B2F9D1D1B00E176D7 /* UIViewControllerPresent.swift in Sources */ = {isa = PBXBuildFile; fileRef = CEBD6C342F9D1D1B00E176D7 /* UIViewControllerPresent.swift */; };
		CEBD6C7C2F9D1D1B00E176D7 /* UIViewMask.swift in Sources */ = {isa = PBXBuildFile; fileRef = CEBD6C3D2F9D1D1B00E176D7 /* UIViewMask.swift */; };
		CEBD6C7D2F9D1D1B00E176D7 /* ViewHelpers.swift in Sources */ = {isa = PBXBuildFile; fileRef = CEBD6C152F9D1D1B00E176D7 /* ViewHelpers.swift */; };
		CEBD6C7E2F9D1D1B00E176D7 /* CGRectHelpers.swift in Sources */ = {isa = PBXBuildFile; fileRef = CEBD6C4F2F9D1D1B00E176D7 /* CGRectHelpers.swift */; };
		CEBD6C7F2F9D1D1B00E176D7 /* UISImageView.swift in Sources */ = {isa = PBXBuildFile; fileRef = CEBD6C262F9D1D1B00E176D7 /* UISImageView.swift */; };
		CEBD6C802F9D1D1B00E176D7 /* UISLabel.swift in Sources */ = {isa = PBXBuildFile; fileRef = CEBD6C272F9D1D1B00E176D7 /* UISLabel.swift */; };
		CEBD6C812F9D1D1B00E176D7 /* GlassModifier.swift in Sources */ = {isa = PBXBuildFile; fileRef = CEBD6C142F9D1D1B00E176D7 /* GlassModifier.swift */; };
		CEBD6C822F9D1D1B00E176D7 /* UISButton.swift in Sources */ = {isa = PBXBuildFile; fileRef = CEBD6C232F9D1D1B00E176D7 /* UISButton.swift */; };
		CEBD6C832F9D1D1B00E176D7 /* UIViewPointSubview.swift in Sources */ = {isa = PBXBuildFile; fileRef = CEBD6C402F9D1D1B00E176D7 /* UIViewPointSubview.swift */; };
		CEBD6C842F9D1D1B00E176D7 /* UIViewEmbed.swift in Sources */ = {isa = PBXBuildFile; fileRef = CEBD6C102F9D1D1B00E176D7 /* UIViewEmbed.swift */; };
		CEBD6C852F9D1D1B00E176D7 /* CGImageHelpers.swift in Sources */ = {isa = PBXBuildFile; fileRef = CEBD6C4D2F9D1D1B00E176D7 /* CGImageHelpers.swift */; };
		CEBD6C862F9D1D1B00E176D7 /* UIStackViewSegmentPage.swift in Sources */ = {isa = PBXBuildFile; fileRef = CEBD6C1E2F9D1D1B00E176D7 /* UIStackViewSegmentPage.swift */; };
		CEBD6C872F9D1D1B00E176D7 /* UIStackViewHighlight.swift in Sources */ = {isa = PBXBuildFile; fileRef = CEBD6C1C2F9D1D1B00E176D7 /* UIStackViewHighlight.swift */; };
		CEBD6C882F9D1D1B00E176D7 /* CIImageHelpers.swift in Sources */ = {isa = PBXBuildFile; fileRef = CEBD6C502F9D1D1B00E176D7 /* CIImageHelpers.swift */; };
		CEBD6C892F9D1D1B00E176D7 /* UIViewParallax.swift in Sources */ = {isa = PBXBuildFile; fileRef = CEBD6C3E2F9D1D1B00E176D7 /* UIViewParallax.swift */; };
		CEBD6C8A2F9D1D1B00E176D7 /* GestureHelpers.swift in Sources */ = {isa = PBXBuildFile; fileRef = CEBD6C132F9D1D1B00E176D7 /* GestureHelpers.swift */; };
		CEBD6C8B2F9D1D1B00E176D7 /* UISTextField.swift in Sources */ = {isa = PBXBuildFile; fileRef = CEBD6C2B2F9D1D1B00E176D7 /* UISTextField.swift */; };
		CEBD6C8C2F9D1D1B00E176D7 /* UIColorHelpers.swift in Sources */ = {isa = PBXBuildFile; fileRef = CEBD6C462F9D1D1B00E176D7 /* UIColorHelpers.swift */; };
		CEBD6C8D2F9D1D1B00E176D7 /* UIViewBorder.swift in Sources */ = {isa = PBXBuildFile; fileRef = CEBD6C382F9D1D1B00E176D7 /* UIViewBorder.swift */; };
		CEBD6C8E2F9D1D1B00E176D7 /* StringHelpers.swift in Sources */ = {isa = PBXBuildFile; fileRef = CEBD6C582F9D1D1B00E176D7 /* StringHelpers.swift */; };
		CEBD6C8F2F9D1D1B00E176D7 /* UIViewBiggerPoint.swift in Sources */ = {isa = PBXBuildFile; fileRef = CEBD6C372F9D1D1B00E176D7 /* UIViewBiggerPoint.swift */; };
		CEBD6C902F9D1D1B00E176D7 /* CVPixelBufferHelpers.swift in Sources */ = {isa = PBXBuildFile; fileRef = CEBD6C512F9D1D1B00E176D7 /* CVPixelBufferHelpers.swift */; };
		CEBD6C912F9D1D1B00E176D7 /* UITextFieldPlaceholder.swift in Sources */ = {isa = PBXBuildFile; fileRef = CEBD6C492F9D1D1B00E176D7 /* UITextFieldPlaceholder.swift */; };
		CEBD6C922F9D1D1B00E176D7 /* UISSearchBar.swift in Sources */ = {isa = PBXBuildFile; fileRef = CEBD6C292F9D1D1B00E176D7 /* UISSearchBar.swift */; };
		CEBD6C932F9D1D1B00E176D7 /* UIViewFindView.swift in Sources */ = {isa = PBXBuildFile; fileRef = CEBD6C3A2F9D1D1B00E176D7 /* UIViewFindView.swift */; };
		CEBD6C942F9D1D1B00E176D7 /* UISToolBar.swift in Sources */ = {isa = PBXBuildFile; fileRef = CEBD6C2E2F9D1D1B00E176D7 /* UISToolBar.swift */; };
		CEBD6C952F9D1D1B00E176D7 /* UIButtonPro.swift in Sources */ = {isa = PBXBuildFile; fileRef = CEBD6C452F9D1D1B00E176D7 /* UIButtonPro.swift */; };
		CEBD6C962F9D1D1B00E176D7 /* UIViewPointDetect.swift in Sources */ = {isa = PBXBuildFile; fileRef = CEBD6C3F2F9D1D1B00E176D7 /* UIViewPointDetect.swift */; };
		CEBD6C972F9D1D1B00E176D7 /* UIScrollViewPointOut.swift in Sources */ = {isa = PBXBuildFile; fileRef = CEBD6C482F9D1D1B00E176D7 /* UIScrollViewPointOut.swift */; };
		CEBD6C982F9D1D1B00E176D7 /* FileManagerExtension.swift in Sources */ = {isa = PBXBuildFile; fileRef = CEBD6C542F9D1D1B00E176D7 /* FileManagerExtension.swift */; };
		CEBD6C992F9D1D1B00E176D7 /* NotificationHelpers.swift in Sources */ = {isa = PBXBuildFile; fileRef = CEBD6C572F9D1D1B00E176D7 /* NotificationHelpers.swift */; };
		CEBD6C9B2F9D1D6A00E176D7 /* Colors.xcassets in Resources */ = {isa = PBXBuildFile; fileRef = CEBD6C9A2F9D1D6A00E176D7 /* Colors.xcassets */; };
		CEBD6C9D2F9D1D7C00E176D7 /* Color.swift in Sources */ = {isa = PBXBuildFile; fileRef = CEBD6C9C2F9D1D7C00E176D7 /* Color.swift */; };
/* End PBXBuildFile section */

/* Begin PBXFileReference section */
		CE1FDC5E2F9D180400460178 /* PhotoStitch2.0.app */ = {isa = PBXFileReference; explicitFileType = wrapper.application; includeInIndex = 0; path = PhotoStitch2.0.app; sourceTree = BUILT_PRODUCTS_DIR; };
		CE1FDC762F9D181000460178 /* AppDelegate.swift */ = {isa = PBXFileReference; lastKnownFileType = sourcecode.swift; path = AppDelegate.swift; sourceTree = "<group>"; };
		CE1FDC772F9D181000460178 /* Assets.xcassets */ = {isa = PBXFileReference; lastKnownFileType = folder.assetcatalog; path = Assets.xcassets; sourceTree = "<group>"; };
		CE1FDC782F9D181000460178 /* Info.plist */ = {isa = PBXFileReference; lastKnownFileType = text.plist.xml; path = Info.plist; sourceTree = "<group>"; };
		CE1FDC792F9D181000460178 /* Base */ = {isa = PBXFileReference; lastKnownFileType = file.storyboard; name = Base; path = Base.lproj/LaunchScreen.storyboard; sourceTree = "<group>"; };
		CE1FDC7B2F9D181000460178 /* Base */ = {isa = PBXFileReference; lastKnownFileType = file.storyboard; name = Base; path = Base.lproj/Main.storyboard; sourceTree = "<group>"; };
		CE1FDC7D2F9D181000460178 /* SceneDelegate.swift */ = {isa = PBXFileReference; lastKnownFileType = sourcecode.swift; path = SceneDelegate.swift; sourceTree = "<group>"; };
		CE1FDC7E2F9D181000460178 /* Main.swift */ = {isa = PBXFileReference; lastKnownFileType = sourcecode.swift; path = Main.swift; sourceTree = "<group>"; };
		CE4231902F9E834400701039 /* MainGlass.swift */ = {isa = PBXFileReference; lastKnownFileType = sourcecode.swift; path = MainGlass.swift; sourceTree = "<group>"; };
		CE4231922FA78CF200701039 /* HomeTop.swift */ = {isa = PBXFileReference; lastKnownFileType = sourcecode.swift; path = HomeTop.swift; sourceTree = "<group>"; };
		CE4231942FA78D5100701039 /* HomeBottom.swift */ = {isa = PBXFileReference; lastKnownFileType = sourcecode.swift; path = HomeBottom.swift; sourceTree = "<group>"; };
		CE4231982FA9773400701039 /* AssetLibrary.swift */ = {isa = PBXFileReference; lastKnownFileType = sourcecode.swift; path = AssetLibrary.swift; sourceTree = "<group>"; };
		CE42319A2FA9783E00701039 /* HomePhotos.swift */ = {isa = PBXFileReference; lastKnownFileType = sourcecode.swift; path = HomePhotos.swift; sourceTree = "<group>"; };
		CEBD6BE82F9D1B1200E176D7 /* Home.swift */ = {isa = PBXFileReference; lastKnownFileType = sourcecode.swift; path = Home.swift; sourceTree = "<group>"; };
		CEBD6BEB2F9D1CC400E176D7 /* Config.swift */ = {isa = PBXFileReference; lastKnownFileType = sourcecode.swift; path = Config.swift; sourceTree = "<group>"; };
		CEBD6BF92F9D1CC400E176D7 /* Icons.xcassets */ = {isa = PBXFileReference; lastKnownFileType = folder.assetcatalog; path = Icons.xcassets; sourceTree = "<group>"; };
		CEBD6BFA2F9D1CC400E176D7 /* Materials.xcassets */ = {isa = PBXFileReference; lastKnownFileType = folder.assetcatalog; path = Materials.xcassets; sourceTree = "<group>"; };
		CEBD6BFD2F9D1CC400E176D7 /* Geometry.swift */ = {isa = PBXFileReference; lastKnownFileType = sourcecode.swift; path = Geometry.swift; sourceTree = "<group>"; };
		CEBD6BFE2F9D1CC400E176D7 /* Updater.swift */ = {isa = PBXFileReference; lastKnownFileType = sourcecode.swift; path = Updater.swift; sourceTree = "<group>"; };
		CEBD6C102F9D1D1B00E176D7 /* UIViewEmbed.swift */ = {isa = PBXFileReference; lastKnownFileType = sourcecode.swift; path = UIViewEmbed.swift; sourceTree = "<group>"; };
		CEBD6C132F9D1D1B00E176D7 /* GestureHelpers.swift */ = {isa = PBXFileReference; lastKnownFileType = sourcecode.swift; path = GestureHelpers.swift; sourceTree = "<group>"; };
		CEBD6C142F9D1D1B00E176D7 /* GlassModifier.swift */ = {isa = PBXFileReference; lastKnownFileType = sourcecode.swift; path = GlassModifier.swift; sourceTree = "<group>"; };
		CEBD6C152F9D1D1B00E176D7 /* ViewHelpers.swift */ = {isa = PBXFileReference; lastKnownFileType = sourcecode.swift; path = ViewHelpers.swift; sourceTree = "<group>"; };
		CEBD6C172F9D1D1B00E176D7 /* UIImageGif.swift */ = {isa = PBXFileReference; lastKnownFileType = sourcecode.swift; path = UIImageGif.swift; sourceTree = "<group>"; };
		CEBD6C182F9D1D1B00E176D7 /* UIImageHelpers.swift */ = {isa = PBXFileReference; lastKnownFileType = sourcecode.swift; path = UIImageHelpers.swift; sourceTree = "<group>"; };
		CEBD6C192F9D1D1B00E176D7 /* UIImageStroke.swift */ = {isa = PBXFileReference; lastKnownFileType = sourcecode.swift; path = UIImageStroke.swift; sourceTree = "<group>"; };
		CEBD6C1A2F9D1D1B00E176D7 /* UIImageViewDarkMode.swift */ = {isa = PBXFileReference; lastKnownFileType = sourcecode.swift; path = UIImageViewDarkMode.swift; sourceTree = "<group>"; };
		CEBD6C1C2F9D1D1B00E176D7 /* UIStackViewHighlight.swift */ = {isa = PBXFileReference; lastKnownFileType = sourcecode.swift; path = UIStackViewHighlight.swift; sourceTree = "<group>"; };
		CEBD6C1D2F9D1D1B00E176D7 /* UIStackViewPointSubview.swift */ = {isa = PBXFileReference; lastKnownFileType = sourcecode.swift; path = UIStackViewPointSubview.swift; sourceTree = "<group>"; };
		CEBD6C1E2F9D1D1B00E176D7 /* UIStackViewSegmentPage.swift */ = {isa = PBXFileReference; lastKnownFileType = sourcecode.swift; path = UIStackViewSegmentPage.swift; sourceTree = "<group>"; };
		CEBD6C1F2F9D1D1B00E176D7 /* UIStackViewShadow.swift */ = {isa = PBXFileReference; lastKnownFileType = sourcecode.swift; path = UIStackViewShadow.swift; sourceTree = "<group>"; };
		CEBD6C212F9D1D1B00E176D7 /* CASLayer.swift */ = {isa = PBXFileReference; lastKnownFileType = sourcecode.swift; path = CASLayer.swift; sourceTree = "<group>"; };
		CEBD6C222F9D1D1B00E176D7 /* UISBarItem.swift */ = {isa = PBXFileReference; lastKnownFileType = sourcecode.swift; path = UISBarItem.swift; sourceTree = "<group>"; };
		CEBD6C232F9D1D1B00E176D7 /* UISButton.swift */ = {isa = PBXFileReference; lastKnownFileType = sourcecode.swift; path = UISButton.swift; sourceTree = "<group>"; };
		CEBD6C242F9D1D1B00E176D7 /* UISConstraints.swift */ = {isa = PBXFileReference; lastKnownFileType = sourcecode.swift; path = UISConstraints.swift; sourceTree = "<group>"; };
		CEBD6C252F9D1D1B00E176D7 /* UISControl.swift */ = {isa = PBXFileReference; lastKnownFileType = sourcecode.swift; path = UISControl.swift; sourceTree = "<group>"; };
		CEBD6C262F9D1D1B00E176D7 /* UISImageView.swift */ = {isa = PBXFileReference; lastKnownFileType = sourcecode.swift; path = UISImageView.swift; sourceTree = "<group>"; };
		CEBD6C272F9D1D1B00E176D7 /* UISLabel.swift */ = {isa = PBXFileReference; lastKnownFileType = sourcecode.swift; path = UISLabel.swift; sourceTree = "<group>"; };
		CEBD6C282F9D1D1B00E176D7 /* UISScrollView.swift */ = {isa = PBXFileReference; lastKnownFileType = sourcecode.swift; path = UISScrollView.swift; sourceTree = "<group>"; };
		CEBD6C292F9D1D1B00E176D7 /* UISSearchBar.swift */ = {isa = PBXFileReference; lastKnownFileType = sourcecode.swift; path = UISSearchBar.swift; sourceTree = "<group>"; };
		CEBD6C2A2F9D1D1B00E176D7 /* UISStackView.swift */ = {isa = PBXFileReference; lastKnownFileType = sourcecode.swift; path = UISStackView.swift; sourceTree = "<group>"; };
		CEBD6C2B2F9D1D1B00E176D7 /* UISTextField.swift */ = {isa = PBXFileReference; lastKnownFileType = sourcecode.swift; path = UISTextField.swift; sourceTree = "<group>"; };
		CEBD6C2C2F9D1D1B00E176D7 /* UISTextInputTraitsExtension.swift */ = {isa = PBXFileReference; lastKnownFileType = sourcecode.swift; path = UISTextInputTraitsExtension.swift; sourceTree = "<group>"; };
		CEBD6C2D2F9D1D1B00E176D7 /* UISTextView.swift */ = {isa = PBXFileReference; lastKnownFileType = sourcecode.swift; path = UISTextView.swift; sourceTree = "<group>"; };
		CEBD6C2E2F9D1D1B00E176D7 /* UISToolBar.swift */ = {isa = PBXFileReference; lastKnownFileType = sourcecode.swift; path = UISToolBar.swift; sourceTree = "<group>"; };
		CEBD6C2F2F9D1D1B00E176D7 /* UISView.swift */ = {isa = PBXFileReference; lastKnownFileType = sourcecode.swift; path = UISView.swift; sourceTree = "<group>"; };
		CEBD6C302F9D1D1B00E176D7 /* WKSWebView.swift */ = {isa = PBXFileReference; lastKnownFileType = sourcecode.swift; path = WKSWebView.swift; sourceTree = "<group>"; };
		CEBD6C322F9D1D1B00E176D7 /* UINavigationOrientationSubController.swift */ = {isa = PBXFileReference; lastKnownFileType = sourcecode.swift; path = UINavigationOrientationSubController.swift; sourceTree = "<group>"; };
		CEBD6C332F9D1D1B00E176D7 /* UIViewControllerHelpers.swift */ = {isa = PBXFileReference; lastKnownFileType = sourcecode.swift; path = UIViewControllerHelpers.swift; sourceTree = "<group>"; };
		CEBD6C342F9D1D1B00E176D7 /* UIViewControllerPresent.swift */ = {isa = PBXFileReference; lastKnownFileType = sourcecode.swift; path = UIViewControllerPresent.swift; sourceTree = "<group>"; };
		CEBD6C362F9D1D1B00E176D7 /* UIView+Constrant+Frame.swift */ = {isa = PBXFileReference; lastKnownFileType = sourcecode.swift; path = "UIView+Constrant+Frame.swift"; sourceTree = "<group>"; };
		CEBD6C372F9D1D1B00E176D7 /* UIViewBiggerPoint.swift */ = {isa = PBXFileReference; lastKnownFileType = sourcecode.swift; path = UIViewBiggerPoint.swift; sourceTree = "<group>"; };
		CEBD6C382F9D1D1B00E176D7 /* UIViewBorder.swift */ = {isa = PBXFileReference; lastKnownFileType = sourcecode.swift; path = UIViewBorder.swift; sourceTree = "<group>"; };
		CEBD6C392F9D1D1B00E176D7 /* UIViewClicking.swift */ = {isa = PBXFileReference; lastKnownFileType = sourcecode.swift; path = UIViewClicking.swift; sourceTree = "<group>"; };
		CEBD6C3A2F9D1D1B00E176D7 /* UIViewFindView.swift */ = {isa = PBXFileReference; lastKnownFileType = sourcecode.swift; path = UIViewFindView.swift; sourceTree = "<group>"; };
		CEBD6C3B2F9D1D1B00E176D7 /* UIViewFindViewController.swift */ = {isa = PBXFileReference; lastKnownFileType = sourcecode.swift; path = UIViewFindViewController.swift; sourceTree = "<group>"; };
		CEBD6C3C2F9D1D1B00E176D7 /* UIViewLoadNib.swift */ = {isa = PBXFileReference; lastKnownFileType = sourcecode.swift; path = UIViewLoadNib.swift; sourceTree = "<group>"; };
		CEBD6C3D2F9D1D1B00E176D7 /* UIViewMask.swift */ = {isa = PBXFileReference; lastKnownFileType = sourcecode.swift; path = UIViewMask.swift; sourceTree = "<group>"; };
		CEBD6C3E2F9D1D1B00E176D7 /* UIViewParallax.swift */ = {isa = PBXFileReference; lastKnownFileType = sourcecode.swift; path = UIViewParallax.swift; sourceTree = "<group>"; };
		CEBD6C3F2F9D1D1B00E176D7 /* UIViewPointDetect.swift */ = {isa = PBXFileReference; lastKnownFileType = sourcecode.swift; path = UIViewPointDetect.swift; sourceTree = "<group>"; };
		CEBD6C402F9D1D1B00E176D7 /* UIViewPointSubview.swift */ = {isa = PBXFileReference; lastKnownFileType = sourcecode.swift; path = UIViewPointSubview.swift; sourceTree = "<group>"; };
		CEBD6C412F9D1D1B00E176D7 /* UIViewShadow.swift */ = {isa = PBXFileReference; lastKnownFileType = sourcecode.swift; path = UIViewShadow.swift; sourceTree = "<group>"; };
		CEBD6C422F9D1D1B00E176D7 /* UIViewZPosition.swift */ = {isa = PBXFileReference; lastKnownFileType = sourcecode.swift; path = UIViewZPosition.swift; sourceTree = "<group>"; };
		CEBD6C442F9D1D1B00E176D7 /* IdiomHelpers.swift */ = {isa = PBXFileReference; lastKnownFileType = sourcecode.swift; path = IdiomHelpers.swift; sourceTree = "<group>"; };
		CEBD6C452F9D1D1B00E176D7 /* UIButtonPro.swift */ = {isa = PBXFileReference; lastKnownFileType = sourcecode.swift; path = UIButtonPro.swift; sourceTree = "<group>"; };
		CEBD6C462F9D1D1B00E176D7 /* UIColorHelpers.swift */ = {isa = PBXFileReference; lastKnownFileType = sourcecode.swift; path = UIColorHelpers.swift; sourceTree = "<group>"; };
		CEBD6C472F9D1D1B00E176D7 /* UILabelHighlightColor.swift */ = {isa = PBXFileReference; lastKnownFileType = sourcecode.swift; path = UILabelHighlightColor.swift; sourceTree = "<group>"; };
		CEBD6C482F9D1D1B00E176D7 /* UIScrollViewPointOut.swift */ = {isa = PBXFileReference; lastKnownFileType = sourcecode.swift; path = UIScrollViewPointOut.swift; sourceTree = "<group>"; };
		CEBD6C492F9D1D1B00E176D7 /* UITextFieldPlaceholder.swift */ = {isa = PBXFileReference; lastKnownFileType = sourcecode.swift; path = UITextFieldPlaceholder.swift; sourceTree = "<group>"; };
		CEBD6C4B2F9D1D1B00E176D7 /* ArrayHelpers.swift */ = {isa = PBXFileReference; lastKnownFileType = sourcecode.swift; path = ArrayHelpers.swift; sourceTree = "<group>"; };
		CEBD6C4C2F9D1D1B00E176D7 /* AsyncHelpers.swift */ = {isa = PBXFileReference; lastKnownFileType = sourcecode.swift; path = AsyncHelpers.swift; sourceTree = "<group>"; };
		CEBD6C4D2F9D1D1B00E176D7 /* CGImageHelpers.swift */ = {isa = PBXFileReference; lastKnownFileType = sourcecode.swift; path = CGImageHelpers.swift; sourceTree = "<group>"; };
		CEBD6C4E2F9D1D1B00E176D7 /* CGPathHelpers.swift */ = {isa = PBXFileReference; lastKnownFileType = sourcecode.swift; path = CGPathHelpers.swift; sourceTree = "<group>"; };
		CEBD6C4F2F9D1D1B00E176D7 /* CGRectHelpers.swift */ = {isa = PBXFileReference; lastKnownFileType = sourcecode.swift; path = CGRectHelpers.swift; sourceTree = "<group>"; };
		CEBD6C502F9D1D1B00E176D7 /* CIImageHelpers.swift */ = {isa = PBXFileReference; lastKnownFileType = sourcecode.swift; path = CIImageHelpers.swift; sourceTree = "<group>"; };
		CEBD6C512F9D1D1B00E176D7 /* CVPixelBufferHelpers.swift */ = {isa = PBXFileReference; lastKnownFileType = sourcecode.swift; path = CVPixelBufferHelpers.swift; sourceTree = "<group>"; };
		CEBD6C522F9D1D1B00E176D7 /* DataSizeHelpers.swift */ = {isa = PBXFileReference; lastKnownFileType = sourcecode.swift; path = DataSizeHelpers.swift; sourceTree = "<group>"; };
		CEBD6C532F9D1D1B00E176D7 /* DateHelpers.swift */ = {isa = PBXFileReference; lastKnownFileType = sourcecode.swift; path = DateHelpers.swift; sourceTree = "<group>"; };
		CEBD6C542F9D1D1B00E176D7 /* FileManagerExtension.swift */ = {isa = PBXFileReference; lastKnownFileType = sourcecode.swift; path = FileManagerExtension.swift; sourceTree = "<group>"; };
		CEBD6C552F9D1D1B00E176D7 /* JSONHelpers.swift */ = {isa = PBXFileReference; lastKnownFileType = sourcecode.swift; path = JSONHelpers.swift; sourceTree = "<group>"; };
		CEBD6C562F9D1D1B00E176D7 /* MeshHelpers.swift */ = {isa = PBXFileReference; lastKnownFileType = sourcecode.swift; path = MeshHelpers.swift; sourceTree = "<group>"; };
		CEBD6C572F9D1D1B00E176D7 /* NotificationHelpers.swift */ = {isa = PBXFileReference; lastKnownFileType = sourcecode.swift; path = NotificationHelpers.swift; sourceTree = "<group>"; };
		CEBD6C582F9D1D1B00E176D7 /* StringHelpers.swift */ = {isa = PBXFileReference; lastKnownFileType = sourcecode.swift; path = StringHelpers.swift; sourceTree = "<group>"; };
		CEBD6C9A2F9D1D6A00E176D7 /* Colors.xcassets */ = {isa = PBXFileReference; lastKnownFileType = folder.assetcatalog; path = Colors.xcassets; sourceTree = "<group>"; };
		CEBD6C9C2F9D1D7C00E176D7 /* Color.swift */ = {isa = PBXFileReference; lastKnownFileType = sourcecode.swift; path = Color.swift; sourceTree = "<group>"; };
/* End PBXFileReference section */

/* Begin PBXFrameworksBuildPhase section */
		CE1FDC5B2F9D180400460178 /* Frameworks */ = {
			isa = PBXFrameworksBuildPhase;
			buildActionMask = 2147483647;
			files = (
			);
			runOnlyForDeploymentPostprocessing = 0;
		};
/* End PBXFrameworksBuildPhase section */

/* Begin PBXGroup section */
		CE1FDC552F9D180400460178 = {
			isa = PBXGroup;
			children = (
				CE1FDC7F2F9D181000460178 /* PhotoStitch2.0 */,
				CE1FDC5F2F9D180400460178 /* Products */,
			);
			sourceTree = "<group>";
		};
		CE1FDC5F2F9D180400460178 /* Products */ = {
			isa = PBXGroup;
			children = (
				CE1FDC5E2F9D180400460178 /* PhotoStitch2.0.app */,
			);
			name = Products;
			sourceTree = "<group>";
		};
		CE1FDC7F2F9D181000460178 /* PhotoStitch2.0 */ = {
			isa = PBXGroup;
			children = (
				CE1FDC762F9D181000460178 /* AppDelegate.swift */,
				CE1FDC7D2F9D181000460178 /* SceneDelegate.swift */,
				CE1FDC7C2F9D181000460178 /* Main.storyboard */,
				CE1FDC7E2F9D181000460178 /* Main.swift */,
				CEBD6C0F2F9D1D0100E176D7 /* Module */,
				CEBD6C592F9D1D1B00E176D7 /* Helpers */,
				CEBD6BEC2F9D1CC400E176D7 /* Config */,
				CEBD6BFF2F9D1CC400E176D7 /* Package */,
				CEBD6BE72F9D1B0A00E176D7 /* Home */,
				CE1FDC782F9D181000460178 /* Info.plist */,
				CE1FDC772F9D181000460178 /* Assets.xcassets */,
				CEBD6BF92F9D1CC400E176D7 /* Icons.xcassets */,
				CEBD6C9A2F9D1D6A00E176D7 /* Colors.xcassets */,
				CEBD6BFA2F9D1CC400E176D7 /* Materials.xcassets */,
				CE1FDC7A2F9D181000460178 /* LaunchScreen.storyboard */,
			);
			path = PhotoStitch2.0;
			sourceTree = "<group>";
		};
		CEBD6BE72F9D1B0A00E176D7 /* Home */ = {
			isa = PBXGroup;
			children = (
				CEBD6BE82F9D1B1200E176D7 /* Home.swift */,
				CE4231922FA78CF200701039 /* HomeTop.swift */,
				CE4231942FA78D5100701039 /* HomeBottom.swift */,
				CE42319A2FA9783E00701039 /* HomePhotos.swift */,
			);
			path = Home;
			sourceTree = "<group>";
		};
		CEBD6BEC2F9D1CC400E176D7 /* Config */ = {
			isa = PBXGroup;
			children = (
				CEBD6BEB2F9D1CC400E176D7 /* Config.swift */,
				CEBD6C9C2F9D1D7C00E176D7 /* Color.swift */,
			);
			path = Config;
			sourceTree = "<group>";
		};
		CEBD6BFF2F9D1CC400E176D7 /* Package */ = {
			isa = PBXGroup;
			children = (
				CEBD6BFD2F9D1CC400E176D7 /* Geometry.swift */,
				CEBD6BFE2F9D1CC400E176D7 /* Updater.swift */,
				CE4231902F9E834400701039 /* MainGlass.swift */,
			);
			path = Package;
			sourceTree = "<group>";
		};
		CEBD6C0F2F9D1D0100E176D7 /* Module */ = {
			isa = PBXGroup;
			children = (
				CE4231982FA9773400701039 /* AssetLibrary.swift */,
			);
			path = Module;
			sourceTree = "<group>";
		};
		CEBD6C112F9D1D1B00E176D7 /* UIViewHelpers */ = {
			isa = PBXGroup;
			children = (
				CEBD6C102F9D1D1B00E176D7 /* UIViewEmbed.swift */,
			);
			path = UIViewHelpers;
			sourceTree = "<group>";
		};
		CEBD6C122F9D1D1B00E176D7 /* Both */ = {
			isa = PBXGroup;
			children = (
				CEBD6C112F9D1D1B00E176D7 /* UIViewHelpers */,
			);
			path = Both;
			sourceTree = "<group>";
		};
		CEBD6C162F9D1D1B00E176D7 /* SwiftUI */ = {
			isa = PBXGroup;
			children = (
				CEBD6C132F9D1D1B00E176D7 /* GestureHelpers.swift */,
				CEBD6C142F9D1D1B00E176D7 /* GlassModifier.swift */,
				CEBD6C152F9D1D1B00E176D7 /* ViewHelpers.swift */,
			);
			path = SwiftUI;
			sourceTree = "<group>";
		};
		CEBD6C1B2F9D1D1B00E176D7 /* UIImageHelpers */ = {
			isa = PBXGroup;
			children = (
				CEBD6C172F9D1D1B00E176D7 /* UIImageGif.swift */,
				CEBD6C182F9D1D1B00E176D7 /* UIImageHelpers.swift */,
				CEBD6C192F9D1D1B00E176D7 /* UIImageStroke.swift */,
				CEBD6C1A2F9D1D1B00E176D7 /* UIImageViewDarkMode.swift */,
			);
			path = UIImageHelpers;
			sourceTree = "<group>";
		};
		CEBD6C202F9D1D1B00E176D7 /* UIStackViewHelpers */ = {
			isa = PBXGroup;
			children = (
				CEBD6C1C2F9D1D1B00E176D7 /* UIStackViewHighlight.swift */,
				CEBD6C1D2F9D1D1B00E176D7 /* UIStackViewPointSubview.swift */,
				CEBD6C1E2F9D1D1B00E176D7 /* UIStackViewSegmentPage.swift */,
				CEBD6C1F2F9D1D1B00E176D7 /* UIStackViewShadow.swift */,
			);
			path = UIStackViewHelpers;
			sourceTree = "<group>";
		};
		CEBD6C312F9D1D1B00E176D7 /* UISwift */ = {
			isa = PBXGroup;
			children = (
				CEBD6C212F9D1D1B00E176D7 /* CASLayer.swift */,
				CEBD6C222F9D1D1B00E176D7 /* UISBarItem.swift */,
				CEBD6C232F9D1D1B00E176D7 /* UISButton.swift */,
				CEBD6C242F9D1D1B00E176D7 /* UISConstraints.swift */,
				CEBD6C252F9D1D1B00E176D7 /* UISControl.swift */,
				CEBD6C262F9D1D1B00E176D7 /* UISImageView.swift */,
				CEBD6C272F9D1D1B00E176D7 /* UISLabel.swift */,
				CEBD6C282F9D1D1B00E176D7 /* UISScrollView.swift */,
				CEBD6C292F9D1D1B00E176D7 /* UISSearchBar.swift */,
				CEBD6C2A2F9D1D1B00E176D7 /* UISStackView.swift */,
				CEBD6C2B2F9D1D1B00E176D7 /* UISTextField.swift */,
				CEBD6C2C2F9D1D1B00E176D7 /* UISTextInputTraitsExtension.swift */,
				CEBD6C2D2F9D1D1B00E176D7 /* UISTextView.swift */,
				CEBD6C2E2F9D1D1B00E176D7 /* UISToolBar.swift */,
				CEBD6C2F2F9D1D1B00E176D7 /* UISView.swift */,
				CEBD6C302F9D1D1B00E176D7 /* WKSWebView.swift */,
			);
			path = UISwift;
			sourceTree = "<group>";
		};
		CEBD6C352F9D1D1B00E176D7 /* UIViewControllerHelpers */ = {
			isa = PBXGroup;
			children = (
				CEBD6C322F9D1D1B00E176D7 /* UINavigationOrientationSubController.swift */,
				CEBD6C332F9D1D1B00E176D7 /* UIViewControllerHelpers.swift */,
				CEBD6C342F9D1D1B00E176D7 /* UIViewControllerPresent.swift */,
			);
			path = UIViewControllerHelpers;
			sourceTree = "<group>";
		};
		CEBD6C432F9D1D1B00E176D7 /* UIViewHelpers */ = {
			isa = PBXGroup;
			children = (
				CEBD6C362F9D1D1B00E176D7 /* UIView+Constrant+Frame.swift */,
				CEBD6C372F9D1D1B00E176D7 /* UIViewBiggerPoint.swift */,
				CEBD6C382F9D1D1B00E176D7 /* UIViewBorder.swift */,
				CEBD6C392F9D1D1B00E176D7 /* UIViewClicking.swift */,
				CEBD6C3A2F9D1D1B00E176D7 /* UIViewFindView.swift */,
				CEBD6C3B2F9D1D1B00E176D7 /* UIViewFindViewController.swift */,
				CEBD6C3C2F9D1D1B00E176D7 /* UIViewLoadNib.swift */,
				CEBD6C3D2F9D1D1B00E176D7 /* UIViewMask.swift */,
				CEBD6C3E2F9D1D1B00E176D7 /* UIViewParallax.swift */,
				CEBD6C3F2F9D1D1B00E176D7 /* UIViewPointDetect.swift */,
				CEBD6C402F9D1D1B00E176D7 /* UIViewPointSubview.swift */,
				CEBD6C412F9D1D1B00E176D7 /* UIViewShadow.swift */,
				CEBD6C422F9D1D1B00E176D7 /* UIViewZPosition.swift */,
			);
			path = UIViewHelpers;
			sourceTree = "<group>";
		};
		CEBD6C4A2F9D1D1B00E176D7 /* UIKit */ = {
			isa = PBXGroup;
			children = (
				CEBD6C1B2F9D1D1B00E176D7 /* UIImageHelpers */,
				CEBD6C202F9D1D1B00E176D7 /* UIStackViewHelpers */,
				CEBD6C312F9D1D1B00E176D7 /* UISwift */,
				CEBD6C352F9D1D1B00E176D7 /* UIViewControllerHelpers */,
				CEBD6C432F9D1D1B00E176D7 /* UIViewHelpers */,
				CEBD6C442F9D1D1B00E176D7 /* IdiomHelpers.swift */,
				CEBD6C452F9D1D1B00E176D7 /* UIButtonPro.swift */,
				CEBD6C462F9D1D1B00E176D7 /* UIColorHelpers.swift */,
				CEBD6C472F9D1D1B00E176D7 /* UILabelHighlightColor.swift */,
				CEBD6C482F9D1D1B00E176D7 /* UIScrollViewPointOut.swift */,
				CEBD6C492F9D1D1B00E176D7 /* UITextFieldPlaceholder.swift */,
			);
			path = UIKit;
			sourceTree = "<group>";
		};
		CEBD6C592F9D1D1B00E176D7 /* Helpers */ = {
			isa = PBXGroup;
			children = (
				CEBD6C122F9D1D1B00E176D7 /* Both */,
				CEBD6C162F9D1D1B00E176D7 /* SwiftUI */,
				CEBD6C4A2F9D1D1B00E176D7 /* UIKit */,
				CEBD6C4B2F9D1D1B00E176D7 /* ArrayHelpers.swift */,
				CEBD6C4C2F9D1D1B00E176D7 /* AsyncHelpers.swift */,
				CEBD6C4D2F9D1D1B00E176D7 /* CGImageHelpers.swift */,
				CEBD6C4E2F9D1D1B00E176D7 /* CGPathHelpers.swift */,
				CEBD6C4F2F9D1D1B00E176D7 /* CGRectHelpers.swift */,
				CEBD6C502F9D1D1B00E176D7 /* CIImageHelpers.swift */,
				CEBD6C512F9D1D1B00E176D7 /* CVPixelBufferHelpers.swift */,
				CEBD6C522F9D1D1B00E176D7 /* DataSizeHelpers.swift */,
				CEBD6C532F9D1D1B00E176D7 /* DateHelpers.swift */,
				CEBD6C542F9D1D1B00E176D7 /* FileManagerExtension.swift */,
				CEBD6C552F9D1D1B00E176D7 /* JSONHelpers.swift */,
				CEBD6C562F9D1D1B00E176D7 /* MeshHelpers.swift */,
				CEBD6C572F9D1D1B00E176D7 /* NotificationHelpers.swift */,
				CEBD6C582F9D1D1B00E176D7 /* StringHelpers.swift */,
			);
			path = Helpers;
			sourceTree = "<group>";
		};
/* End PBXGroup section */

/* Begin PBXNativeTarget section */
		CE1FDC5D2F9D180400460178 /* PhotoStitch2.0 */ = {
			isa = PBXNativeTarget;
			buildConfigurationList = CE1FDC712F9D180600460178 /* Build configuration list for PBXNativeTarget "PhotoStitch2.0" */;
			buildPhases = (
				CE1FDC5A2F9D180400460178 /* Sources */,
				CE1FDC5B2F9D180400460178 /* Frameworks */,
				CE1FDC5C2F9D180400460178 /* Resources */,
			);
			buildRules = (
			);
			dependencies = (
			);
			name = PhotoStitch2.0;
			packageProductDependencies = (
			);
			productName = PhotoStitch2.0;
			productReference = CE1FDC5E2F9D180400460178 /* PhotoStitch2.0.app */;
			productType = "com.apple.product-type.application";
		};
/* End PBXNativeTarget section */

/* Begin PBXProject section */
		CE1FDC562F9D180400460178 /* Project object */ = {
			isa = PBXProject;
			attributes = {
				BuildIndependentTargetsInParallel = 1;
				LastSwiftUpdateCheck = 2610;
				LastUpgradeCheck = 2610;
				TargetAttributes = {
					CE1FDC5D2F9D180400460178 = {
						CreatedOnToolsVersion = 26.1;
					};
				};
			};
			buildConfigurationList = CE1FDC592F9D180400460178 /* Build configuration list for PBXProject "PhotoStitch2.0" */;
			developmentRegion = en;
			hasScannedForEncodings = 0;
			knownRegions = (
				en,
				Base,
			);
			mainGroup = CE1FDC552F9D180400460178;
			minimizedProjectReferenceProxies = 1;
			preferredProjectObjectVersion = 77;
			productRefGroup = CE1FDC5F2F9D180400460178 /* Products */;
			projectDirPath = "";
			projectRoot = "";
			targets = (
				CE1FDC5D2F9D180400460178 /* PhotoStitch2.0 */,
			);
		};
/* End PBXProject section */

/* Begin PBXResourcesBuildPhase section */
		CE1FDC5C2F9D180400460178 /* Resources */ = {
			isa = PBXResourcesBuildPhase;
			buildActionMask = 2147483647;
			files = (
				CE1FDC832F9D181000460178 /* Assets.xcassets in Resources */,
				CEBD6C0B2F9D1CC400E176D7 /* Icons.xcassets in Resources */,
				CEBD6C0D2F9D1CC400E176D7 /* Materials.xcassets in Resources */,
				CEBD6C9B2F9D1D6A00E176D7 /* Colors.xcassets in Resources */,
				CE1FDC852F9D181000460178 /* LaunchScreen.storyboard in Resources */,
				CE1FDC862F9D181000460178 /* Main.storyboard in Resources */,
			);
			runOnlyForDeploymentPostprocessing = 0;
		};
/* End PBXResourcesBuildPhase section */

/* Begin PBXSourcesBuildPhase section */
		CE1FDC5A2F9D180400460178 /* Sources */ = {
			isa = PBXSourcesBuildPhase;
			buildActionMask = 2147483647;
			files = (
				CEBD6C5A2F9D1D1B00E176D7 /* UIView+Constrant+Frame.swift in Sources */,
				CEBD6C5B2F9D1D1B00E176D7 /* UIImageStroke.swift in Sources */,
				CEBD6C5C2F9D1D1B00E176D7 /* UISTextInputTraitsExtension.swift in Sources */,
				CEBD6C5D2F9D1D1B00E176D7 /* ArrayHelpers.swift in Sources */,
				CEBD6C5E2F9D1D1B00E176D7 /* UIViewShadow.swift in Sources */,
				CEBD6C5F2F9D1D1B00E176D7 /* CASLayer.swift in Sources */,
				CEBD6C602F9D1D1B00E176D7 /* IdiomHelpers.swift in Sources */,
				CEBD6C612F9D1D1B00E176D7 /* UISConstraints.swift in Sources */,
				CEBD6C622F9D1D1B00E176D7 /* UIViewControllerHelpers.swift in Sources */,
				CEBD6C632F9D1D1B00E176D7 /* UIViewClicking.swift in Sources */,
				CEBD6C642F9D1D1B00E176D7 /* UISControl.swift in Sources */,
				CEBD6C652F9D1D1B00E176D7 /* UIStackViewShadow.swift in Sources */,
				CEBD6C662F9D1D1B00E176D7 /* WKSWebView.swift in Sources */,
				CEBD6C672F9D1D1B00E176D7 /* UINavigationOrientationSubController.swift in Sources */,
				CEBD6C682F9D1D1B00E176D7 /* UIStackViewPointSubview.swift in Sources */,
				CEBD6C692F9D1D1B00E176D7 /* UISScrollView.swift in Sources */,
				CEBD6C6A2F9D1D1B00E176D7 /* UILabelHighlightColor.swift in Sources */,
				CEBD6C6B2F9D1D1B00E176D7 /* UIImageGif.swift in Sources */,
				CEBD6C6C2F9D1D1B00E176D7 /* UIImageHelpers.swift in Sources */,
				CEBD6C6D2F9D1D1B00E176D7 /* UIViewZPosition.swift in Sources */,
				CEBD6C6E2F9D1D1B00E176D7 /* DateHelpers.swift in Sources */,
				CE4231952FA78D5400701039 /* HomeBottom.swift in Sources */,
				CEBD6C6F2F9D1D1B00E176D7 /* UISTextView.swift in Sources */,
				CEBD6C702F9D1D1B00E176D7 /* UISBarItem.swift in Sources */,
				CEBD6C712F9D1D1B00E176D7 /* UISStackView.swift in Sources */,
				CEBD6C722F9D1D1B00E176D7 /* UIViewFindViewController.swift in Sources */,
				CE4231912F9E834700701039 /* MainGlass.swift in Sources */,
				CEBD6C732F9D1D1B00E176D7 /* UIImageViewDarkMode.swift in Sources */,
				CEBD6C742F9D1D1B00E176D7 /* AsyncHelpers.swift in Sources */,
				CEBD6C752F9D1D1B00E176D7 /* CGPathHelpers.swift in Sources */,
				CE4231992FA9773400701039 /* AssetLibrary.swift in Sources */,
				CEBD6C762F9D1D1B00E176D7 /* JSONHelpers.swift in Sources */,
				CEBD6C772F9D1D1B00E176D7 /* DataSizeHelpers.swift in Sources */,
				CEBD6C782F9D1D1B00E176D7 /* MeshHelpers.swift in Sources */,
				CEBD6C792F9D1D1B00E176D7 /* UISView.swift in Sources */,
				CEBD6C7A2F9D1D1B00E176D7 /* UIViewLoadNib.swift in Sources */,
				CEBD6C7B2F9D1D1B00E176D7 /* UIViewControllerPresent.swift in Sources */,
				CEBD6C7C2F9D1D1B00E176D7 /* UIViewMask.swift in Sources */,
				CEBD6C7D2F9D1D1B00E176D7 /* ViewHelpers.swift in Sources */,
				CEBD6C7E2F9D1D1B00E176D7 /* CGRectHelpers.swift in Sources */,
				CEBD6C7F2F9D1D1B00E176D7 /* UISImageView.swift in Sources */,
				CEBD6C802F9D1D1B00E176D7 /* UISLabel.swift in Sources */,
				CEBD6C812F9D1D1B00E176D7 /* GlassModifier.swift in Sources */,
				CE4231932FA78CF800701039 /* HomeTop.swift in Sources */,
				CEBD6C822F9D1D1B00E176D7 /* UISButton.swift in Sources */,
				CEBD6C832F9D1D1B00E176D7 /* UIViewPointSubview.swift in Sources */,
				CEBD6C842F9D1D1B00E176D7 /* UIViewEmbed.swift in Sources */,
				CEBD6C852F9D1D1B00E176D7 /* CGImageHelpers.swift in Sources */,
				CEBD6C862F9D1D1B00E176D7 /* UIStackViewSegmentPage.swift in Sources */,
				CEBD6C872F9D1D1B00E176D7 /* UIStackViewHighlight.swift in Sources */,
				CEBD6C882F9D1D1B00E176D7 /* CIImageHelpers.swift in Sources */,
				CEBD6C892F9D1D1B00E176D7 /* UIViewParallax.swift in Sources */,
				CEBD6C8A2F9D1D1B00E176D7 /* GestureHelpers.swift in Sources */,
				CEBD6C8B2F9D1D1B00E176D7 /* UISTextField.swift in Sources */,
				CEBD6C8C2F9D1D1B00E176D7 /* UIColorHelpers.swift in Sources */,
				CE42319B2FA9784300701039 /* HomePhotos.swift in Sources */,
				CEBD6C8D2F9D1D1B00E176D7 /* UIViewBorder.swift in Sources */,
				CEBD6C8E2F9D1D1B00E176D7 /* StringHelpers.swift in Sources */,
				CEBD6C9D2F9D1D7C00E176D7 /* Color.swift in Sources */,
				CEBD6C8F2F9D1D1B00E176D7 /* UIViewBiggerPoint.swift in Sources */,
				CEBD6C902F9D1D1B00E176D7 /* CVPixelBufferHelpers.swift in Sources */,
				CEBD6C912F9D1D1B00E176D7 /* UITextFieldPlaceholder.swift in Sources */,
				CEBD6C922F9D1D1B00E176D7 /* UISSearchBar.swift in Sources */,
				CEBD6C932F9D1D1B00E176D7 /* UIViewFindView.swift in Sources */,
				CEBD6C942F9D1D1B00E176D7 /* UISToolBar.swift in Sources */,
				CEBD6C952F9D1D1B00E176D7 /* UIButtonPro.swift in Sources */,
				CEBD6C962F9D1D1B00E176D7 /* UIViewPointDetect.swift in Sources */,
				CEBD6C972F9D1D1B00E176D7 /* UIScrollViewPointOut.swift in Sources */,
				CEBD6C982F9D1D1B00E176D7 /* FileManagerExtension.swift in Sources */,
				CEBD6C992F9D1D1B00E176D7 /* NotificationHelpers.swift in Sources */,
				CE1FDC802F9D181000460178 /* AppDelegate.swift in Sources */,
				CE1FDC812F9D181000460178 /* SceneDelegate.swift in Sources */,
				CEBD6BE92F9D1B1400E176D7 /* Home.swift in Sources */,
				CEBD6C012F9D1CC400E176D7 /* Updater.swift in Sources */,
				CEBD6C022F9D1CC400E176D7 /* Config.swift in Sources */,
				CEBD6C082F9D1CC400E176D7 /* Geometry.swift in Sources */,
				CE1FDC822F9D181000460178 /* Main.swift in Sources */,
			);
			runOnlyForDeploymentPostprocessing = 0;
		};
/* End PBXSourcesBuildPhase section */

/* Begin PBXVariantGroup section */
		CE1FDC7A2F9D181000460178 /* LaunchScreen.storyboard */ = {
			isa = PBXVariantGroup;
			children = (
				CE1FDC792F9D181000460178 /* Base */,
			);
			name = LaunchScreen.storyboard;
			sourceTree = "<group>";
		};
		CE1FDC7C2F9D181000460178 /* Main.storyboard */ = {
			isa = PBXVariantGroup;
			children = (
				CE1FDC7B2F9D181000460178 /* Base */,
			);
			name = Main.storyboard;
			sourceTree = "<group>";
		};
/* End PBXVariantGroup section */

/* Begin XCBuildConfiguration section */
		CE1FDC722F9D180600460178 /* Debug */ = {
			isa = XCBuildConfiguration;
			buildSettings = {
				ASSETCATALOG_COMPILER_APPICON_NAME = AppIcon;
				ASSETCATALOG_COMPILER_GLOBAL_ACCENT_COLOR_NAME = AccentColor;
				CODE_SIGN_STYLE = Automatic;
				CURRENT_PROJECT_VERSION = 1;
				DEVELOPMENT_TEAM = 83J75ZCYJZ;
				ENABLE_USER_SCRIPT_SANDBOXING = NO;
				GENERATE_INFOPLIST_FILE = YES;
				INFOPLIST_FILE = PhotoStitch2.0/Info.plist;
				INFOPLIST_KEY_CFBundleDisplayName = "Photo Stitch";
				INFOPLIST_KEY_NSPhotoLibraryUsageDescription = "";
				INFOPLIST_KEY_UIApplicationSupportsIndirectInputEvents = YES;
				INFOPLIST_KEY_UILaunchStoryboardName = LaunchScreen;
				INFOPLIST_KEY_UIMainStoryboardFile = Main;
				INFOPLIST_KEY_UISupportedInterfaceOrientations = UIInterfaceOrientationPortrait;
				INFOPLIST_KEY_UISupportedInterfaceOrientations_iPad = "UIInterfaceOrientationLandscapeLeft UIInterfaceOrientationLandscapeRight UIInterfaceOrientationPortrait UIInterfaceOrientationPortraitUpsideDown";
				IPHONEOS_DEPLOYMENT_TARGET = 17;
				LD_RUNPATH_SEARCH_PATHS = (
					"$(inherited)",
					"@executable_path/Frameworks",
				);
				MARKETING_VERSION = 2.0.0;
				PRODUCT_BUNDLE_IDENTIFIER = com.azubylabs.photostitch2;
				PRODUCT_NAME = "$(TARGET_NAME)";
				STRING_CATALOG_GENERATE_SYMBOLS = YES;
				SWIFT_APPROACHABLE_CONCURRENCY = YES;
				SWIFT_DEFAULT_ACTOR_ISOLATION = MainActor;
				SWIFT_EMIT_LOC_STRINGS = YES;
				SWIFT_UPCOMING_FEATURE_MEMBER_IMPORT_VISIBILITY = YES;
				SWIFT_VERSION = 5.0;
				TARGETED_DEVICE_FAMILY = "1,2";
			};
			name = Debug;
		};
		CE1FDC732F9D180600460178 /* Release */ = {
			isa = XCBuildConfiguration;
			buildSettings = {
				ASSETCATALOG_COMPILER_APPICON_NAME = AppIcon;
				ASSETCATALOG_COMPILER_GLOBAL_ACCENT_COLOR_NAME = AccentColor;
				CODE_SIGN_STYLE = Automatic;
				CURRENT_PROJECT_VERSION = 1;
				DEVELOPMENT_TEAM = 83J75ZCYJZ;
				ENABLE_USER_SCRIPT_SANDBOXING = NO;
				GENERATE_INFOPLIST_FILE = YES;
				INFOPLIST_FILE = PhotoStitch2.0/Info.plist;
				INFOPLIST_KEY_CFBundleDisplayName = "Photo Stitch";
				INFOPLIST_KEY_NSPhotoLibraryUsageDescription = "";
				INFOPLIST_KEY_UIApplicationSupportsIndirectInputEvents = YES;
				INFOPLIST_KEY_UILaunchStoryboardName = LaunchScreen;
				INFOPLIST_KEY_UIMainStoryboardFile = Main;
				INFOPLIST_KEY_UISupportedInterfaceOrientations = UIInterfaceOrientationPortrait;
				INFOPLIST_KEY_UISupportedInterfaceOrientations_iPad = "UIInterfaceOrientationLandscapeLeft UIInterfaceOrientationLandscapeRight UIInterfaceOrientationPortrait UIInterfaceOrientationPortraitUpsideDown";
				IPHONEOS_DEPLOYMENT_TARGET = 17;
				LD_RUNPATH_SEARCH_PATHS = (
					"$(inherited)",
					"@executable_path/Frameworks",
				);
				MARKETING_VERSION = 2.0.0;
				PRODUCT_BUNDLE_IDENTIFIER = com.azubylabs.photostitch2;
				PRODUCT_NAME = "$(TARGET_NAME)";
				STRING_CATALOG_GENERATE_SYMBOLS = YES;
				SWIFT_APPROACHABLE_CONCURRENCY = YES;
				SWIFT_DEFAULT_ACTOR_ISOLATION = MainActor;
				SWIFT_EMIT_LOC_STRINGS = YES;
				SWIFT_UPCOMING_FEATURE_MEMBER_IMPORT_VISIBILITY = YES;
				SWIFT_VERSION = 5.0;
				TARGETED_DEVICE_FAMILY = "1,2";
			};
			name = Release;
		};
		CE1FDC742F9D180600460178 /* Debug */ = {
			isa = XCBuildConfiguration;
			buildSettings = {
				ALWAYS_SEARCH_USER_PATHS = NO;
				ASSETCATALOG_COMPILER_GENERATE_SWIFT_ASSET_SYMBOL_EXTENSIONS = YES;
				CLANG_ANALYZER_NONNULL = YES;
				CLANG_ANALYZER_NUMBER_OBJECT_CONVERSION = YES_AGGRESSIVE;
				CLANG_CXX_LANGUAGE_STANDARD = "gnu++20";
				CLANG_ENABLE_MODULES = YES;
				CLANG_ENABLE_OBJC_ARC = YES;
				CLANG_ENABLE_OBJC_WEAK = YES;
				CLANG_WARN_BLOCK_CAPTURE_AUTORELEASING = YES;
				CLANG_WARN_BOOL_CONVERSION = YES;
				CLANG_WARN_COMMA = YES;
				CLANG_WARN_CONSTANT_CONVERSION = YES;
				CLANG_WARN_DEPRECATED_OBJC_IMPLEMENTATIONS = YES;
				CLANG_WARN_DIRECT_OBJC_ISA_USAGE = YES_ERROR;
				CLANG_WARN_DOCUMENTATION_COMMENTS = YES;
				CLANG_WARN_EMPTY_BODY = YES;
				CLANG_WARN_ENUM_CONVERSION = YES;
				CLANG_WARN_INFINITE_RECURSION = YES;
				CLANG_WARN_INT_CONVERSION = YES;
				CLANG_WARN_NON_LITERAL_NULL_CONVERSION = YES;
				CLANG_WARN_OBJC_IMPLICIT_RETAIN_SELF = YES;
				CLANG_WARN_OBJC_LITERAL_CONVERSION = YES;
				CLANG_WARN_OBJC_ROOT_CLASS = YES_ERROR;
				CLANG_WARN_QUOTED_INCLUDE_IN_FRAMEWORK_HEADER = YES;
				CLANG_WARN_RANGE_LOOP_ANALYSIS = YES;
				CLANG_WARN_STRICT_PROTOTYPES = YES;
				CLANG_WARN_SUSPICIOUS_MOVE = YES;
				CLANG_WARN_UNGUARDED_AVAILABILITY = YES_AGGRESSIVE;
				CLANG_WARN_UNREACHABLE_CODE = YES;
				CLANG_WARN__DUPLICATE_METHOD_MATCH = YES;
				COPY_PHASE_STRIP = NO;
				DEBUG_INFORMATION_FORMAT = dwarf;
				DEVELOPMENT_TEAM = 83J75ZCYJZ;
				ENABLE_STRICT_OBJC_MSGSEND = YES;
				ENABLE_TESTABILITY = YES;
				ENABLE_USER_SCRIPT_SANDBOXING = YES;
				GCC_C_LANGUAGE_STANDARD = gnu17;
				GCC_DYNAMIC_NO_PIC = NO;
				GCC_NO_COMMON_BLOCKS = YES;
				GCC_OPTIMIZATION_LEVEL = 0;
				GCC_PREPROCESSOR_DEFINITIONS = (
					"DEBUG=1",
					"$(inherited)",
				);
				GCC_WARN_64_TO_32_BIT_CONVERSION = YES;
				GCC_WARN_ABOUT_RETURN_TYPE = YES_ERROR;
				GCC_WARN_UNDECLARED_SELECTOR = YES;
				GCC_WARN_UNINITIALIZED_AUTOS = YES_AGGRESSIVE;
				GCC_WARN_UNUSED_FUNCTION = YES;
				GCC_WARN_UNUSED_VARIABLE = YES;
				IPHONEOS_DEPLOYMENT_TARGET = 26.1;
				LOCALIZATION_PREFERS_STRING_CATALOGS = YES;
				MTL_ENABLE_DEBUG_INFO = INCLUDE_SOURCE;
				MTL_FAST_MATH = YES;
				ONLY_ACTIVE_ARCH = YES;
				SDKROOT = iphoneos;
				SWIFT_ACTIVE_COMPILATION_CONDITIONS = "DEBUG $(inherited)";
				SWIFT_OPTIMIZATION_LEVEL = "-Onone";
			};
			name = Debug;
		};
		CE1FDC752F9D180600460178 /* Release */ = {
			isa = XCBuildConfiguration;
			buildSettings = {
				ALWAYS_SEARCH_USER_PATHS = NO;
				ASSETCATALOG_COMPILER_GENERATE_SWIFT_ASSET_SYMBOL_EXTENSIONS = YES;
				CLANG_ANALYZER_NONNULL = YES;
				CLANG_ANALYZER_NUMBER_OBJECT_CONVERSION = YES_AGGRESSIVE;
				CLANG_CXX_LANGUAGE_STANDARD = "gnu++20";
				CLANG_ENABLE_MODULES = YES;
				CLANG_ENABLE_OBJC_ARC = YES;
				CLANG_ENABLE_OBJC_WEAK = YES;
				CLANG_WARN_BLOCK_CAPTURE_AUTORELEASING = YES;
				CLANG_WARN_BOOL_CONVERSION = YES;
				CLANG_WARN_COMMA = YES;
				CLANG_WARN_CONSTANT_CONVERSION = YES;
				CLANG_WARN_DEPRECATED_OBJC_IMPLEMENTATIONS = YES;
				CLANG_WARN_DIRECT_OBJC_ISA_USAGE = YES_ERROR;
				CLANG_WARN_DOCUMENTATION_COMMENTS = YES;
				CLANG_WARN_EMPTY_BODY = YES;
				CLANG_WARN_ENUM_CONVERSION = YES;
				CLANG_WARN_INFINITE_RECURSION = YES;
				CLANG_WARN_INT_CONVERSION = YES;
				CLANG_WARN_NON_LITERAL_NULL_CONVERSION = YES;
				CLANG_WARN_OBJC_IMPLICIT_RETAIN_SELF = YES;
				CLANG_WARN_OBJC_LITERAL_CONVERSION = YES;
				CLANG_WARN_OBJC_ROOT_CLASS = YES_ERROR;
				CLANG_WARN_QUOTED_INCLUDE_IN_FRAMEWORK_HEADER = YES;
				CLANG_WARN_RANGE_LOOP_ANALYSIS = YES;
				CLANG_WARN_STRICT_PROTOTYPES = YES;
				CLANG_WARN_SUSPICIOUS_MOVE = YES;
				CLANG_WARN_UNGUARDED_AVAILABILITY = YES_AGGRESSIVE;
				CLANG_WARN_UNREACHABLE_CODE = YES;
				CLANG_WARN__DUPLICATE_METHOD_MATCH = YES;
				COPY_PHASE_STRIP = NO;
				DEBUG_INFORMATION_FORMAT = "dwarf-with-dsym";
				DEVELOPMENT_TEAM = 83J75ZCYJZ;
				ENABLE_NS_ASSERTIONS = NO;
				ENABLE_STRICT_OBJC_MSGSEND = YES;
				ENABLE_USER_SCRIPT_SANDBOXING = YES;
				GCC_C_LANGUAGE_STANDARD = gnu17;
				GCC_NO_COMMON_BLOCKS = YES;
				GCC_WARN_64_TO_32_BIT_CONVERSION = YES;
				GCC_WARN_ABOUT_RETURN_TYPE = YES_ERROR;
				GCC_WARN_UNDECLARED_SELECTOR = YES;
				GCC_WARN_UNINITIALIZED_AUTOS = YES_AGGRESSIVE;
				GCC_WARN_UNUSED_FUNCTION = YES;
				GCC_WARN_UNUSED_VARIABLE = YES;
				IPHONEOS_DEPLOYMENT_TARGET = 26.1;
				LOCALIZATION_PREFERS_STRING_CATALOGS = YES;
				MTL_ENABLE_DEBUG_INFO = NO;
				MTL_FAST_MATH = YES;
				SDKROOT = iphoneos;
				SWIFT_COMPILATION_MODE = wholemodule;
				VALIDATE_PRODUCT = YES;
			};
			name = Release;
		};
/* End XCBuildConfiguration section */

/* Begin XCConfigurationList section */
		CE1FDC592F9D180400460178 /* Build configuration list for PBXProject "PhotoStitch2.0" */ = {
			isa = XCConfigurationList;
			buildConfigurations = (
				CE1FDC742F9D180600460178 /* Debug */,
				CE1FDC752F9D180600460178 /* Release */,
			);
			defaultConfigurationIsVisible = 0;
			defaultConfigurationName = Release;
		};
		CE1FDC712F9D180600460178 /* Build configuration list for PBXNativeTarget "PhotoStitch2.0" */ = {
			isa = XCConfigurationList;
			buildConfigurations = (
				CE1FDC722F9D180600460178 /* Debug */,
				CE1FDC732F9D180600460178 /* Release */,
			);
			defaultConfigurationIsVisible = 0;
			defaultConfigurationName = Release;
		};
/* End XCConfigurationList section */
	};
	rootObject = CE1FDC562F9D180400460178 /* Project object */;
}
